{
    "_readme": [
        "This file locks the dependencies of your project to a known state",
        "Read more about it at http://getcomposer.org/doc/01-basic-usage.md#composer-lock-the-lock-file"
    ],
    "hash": "2efc114fd0ea845542dd3342dbd50cce",
    "packages": [
        {
            "name": "monolog/monolog",
            "version": "1.2.1",
            "source": {
                "type": "git",
                "url": "https://github.com/Seldaek/monolog.git",
                "reference": "d16496318c3e08e3bccfc3866e104e49cf25488a"
            },
            "dist": {
                "type": "zip",
                "url": "https://api.github.com/repos/Seldaek/monolog/zipball/d16496318c3e08e3bccfc3866e104e49cf25488a",
                "reference": "d16496318c3e08e3bccfc3866e104e49cf25488a",
                "shasum": ""
            },
            "require": {
                "php": ">=5.3.0"
            },
            "require-dev": {
                "mlehner/gelf-php": "1.0.*"
            },
            "suggest": {
                "ext-amqp": "Allow sending log messages to an AMQP server (1.0+ required)",
                "ext-mongo": "Allow sending log messages to a MongoDB server",
                "mlehner/gelf-php": "Allow sending log messages to a GrayLog2 server"
            },
            "type": "library",
            "extra": {
                "branch-alias": {
                    "dev-master": "1.3.x-dev"
                }
            },
            "autoload": {
                "psr-0": {
                    "Monolog": "src/"
                }
            },
            "notification-url": "https://packagist.org/downloads/",
            "license": [
                "MIT"
            ],
            "authors": [
                {
                    "name": "Jordi Boggiano",
                    "email": "j.boggiano@seld.be",
                    "homepage": "http://seld.be",
                    "role": "Developer"
                }
            ],
            "description": "Logging for PHP 5.3",
            "homepage": "http://github.com/Seldaek/monolog",
            "keywords": [
                "log",
                "logging"
            ],
            "time": "2012-08-29 11:53:20"
        },
        {
            "name": "ptachoire/cssembed",
            "version": "v1.0.2",
            "source": {
                "type": "git",
                "url": "https://github.com/krichprollsch/phpCssEmbed.git",
                "reference": "406c6d5b846cafa9186f9944a6210d0e6fed154b"
            },
            "dist": {
                "type": "zip",
                "url": "https://api.github.com/repos/krichprollsch/phpCssEmbed/zipball/406c6d5b846cafa9186f9944a6210d0e6fed154b",
                "reference": "406c6d5b846cafa9186f9944a6210d0e6fed154b",
                "shasum": ""
            },
            "require": {
                "php": ">=5.3.0"
            },
            "type": "library",
            "autoload": {
                "psr-0": {
                    "CssEmbed": "src/"
                }
            },
            "notification-url": "https://packagist.org/downloads/",
            "license": [
                "MIT"
            ],
            "authors": [
                {
                    "name": "Pierre Tachoire",
                    "email": "pierre.tachoire@gmail.com"
                }
            ],
            "description": "Css url embed library.",
            "homepage": "https://github.com/krichprollsch/phpCssEmbed",
            "keywords": [
                "css",
                "url"
            ],
            "time": "2013-07-22 20:01:48"
        },
        {
            "name": "raulfraile/ladybug",
            "version": "v1.0.8",
            "source": {
                "type": "git",
                "url": "https://github.com/raulfraile/ladybug.git",
                "reference": "7878b0fec84041bc6791155b9ec357a1ff8cd3b1"
            },
            "dist": {
                "type": "zip",
                "url": "https://api.github.com/repos/raulfraile/ladybug/zipball/7878b0fec84041bc6791155b9ec357a1ff8cd3b1",
                "reference": "7878b0fec84041bc6791155b9ec357a1ff8cd3b1",
                "shasum": ""
            },
            "require": {
                "php": ">=5.3.0",
                "ptachoire/cssembed": "v1.0.2",
                "raulfraile/ladybug-plugin-extra": "~1.0.0",
                "raulfraile/ladybug-theme-modern": "~1.0.0",
                "symfony/config": ">=2.0",
                "symfony/console": ">=2.0",
                "symfony/dependency-injection": ">=2.0",
                "symfony/finder": ">=2.0",
                "twig/twig": ">=1.7.0"
            },
            "require-dev": {
                "fabpot/php-cs-fixer": "0.2.0",
                "jms/serializer": ">=0.11.0",
                "mockery/mockery": "0.8.0",
                "phpdocumentor/reflection-docblock": "2.0.0",
                "symfony/dom-crawler": ">=2.0.4"
            },
            "suggest": {
                "jms/serializer": "Required to serialize data to XML and JSON",
                "phpdocumentor/reflection-docblock": "Required to display object methods description",
                "symfony/yaml": "Required to serialize data to YAML format"
            },
            "type": "library",
            "autoload": {
                "psr-0": {
                    "Ladybug\\Theme": [
                        "../ladybug-themes",
                        "data/themes"
                    ],
                    "Ladybug\\Plugin": [
                        "../ladybug-plugins",
                        "data/plugins"
                    ],
                    "Ladybug": "src/"
                }
            },
            "notification-url": "https://packagist.org/downloads/",
            "license": [
                "MIT"
            ],
            "authors": [
                {
                    "name": "Raul Fraile",
                    "email": "raulfraile@gmail.com",
                    "homepage": "http://www.raulfb.com/",
                    "role": "Developer"
                }
            ],
            "description": "Simple and Extensible PHP Dumper",
            "homepage": "https://github.com/raulfraile/ladybug",
            "keywords": [
                "dump",
                "dumper",
                "ladybug",
                "print_r",
                "var_dump"
            ],
            "time": "2013-10-15 09:36:24"
        },
        {
            "name": "raulfraile/ladybug-installer",
            "version": "v1.0.1",
            "source": {
                "type": "git",
                "url": "https://github.com/raulfraile/ladybug-installer.git",
                "reference": "04f38f50cac673d3ca93de9c0805889e37804b33"
            },
            "dist": {
                "type": "zip",
                "url": "https://api.github.com/repos/raulfraile/ladybug-installer/zipball/04f38f50cac673d3ca93de9c0805889e37804b33",
                "reference": "04f38f50cac673d3ca93de9c0805889e37804b33",
                "shasum": ""
            },
            "require": {
                "composer-plugin-api": "*"
            },
            "require-dev": {
                "composer/composer": "1.*",
                "mockery/mockery": "0.8.0"
            },
            "type": "composer-plugin",
            "extra": {
                "class": "\\Ladybug\\LadybugPlugin"
            },
            "autoload": {
                "psr-0": {
                    "Ladybug": [
                        "src/"
                    ]
                }
            },
            "notification-url": "https://packagist.org/downloads/",
            "license": [
                "MIT"
            ],
            "description": "Unified installer for ladybug addons",
            "keywords": [
                "installer",
                "ladybug",
                "plugins",
                "themes"
            ],
            "time": "2013-09-21 23:28:23"
        },
        {
            "name": "raulfraile/ladybug-plugin-extra",
            "version": "v1.0.1",
            "target-dir": "Ladybug/Plugin/Extra",
            "source": {
                "type": "git",
                "url": "https://github.com/raulfraile/ladybug-plugin-extra.git",
                "reference": "d240770a4c610e26657e5edc0edaace6d07187b2"
            },
            "dist": {
                "type": "zip",
                "url": "https://api.github.com/repos/raulfraile/ladybug-plugin-extra/zipball/d240770a4c610e26657e5edc0edaace6d07187b2",
                "reference": "d240770a4c610e26657e5edc0edaace6d07187b2",
                "shasum": ""
            },
            "require": {
                "raulfraile/ladybug-installer": "~1.0"
            },
            "require-dev": {
                "mockery/mockery": "0.8.0",
                "raulfraile/ladybug": "~1.0.0"
            },
            "type": "ladybug-plugin",
            "extra": {
                "ladybug_name": "Extra"
            },
            "autoload": {
                "psr-0": {
                    "Ladybug\\Plugin\\Extra\\": ""
                },
                "files": [
                    "Resources/php/helpers.php"
                ]
            },
            "notification-url": "https://packagist.org/downloads/",
            "license": [
                "MIT"
            ],
            "description": "Extra plugin for ladybug",
            "keywords": [
                "ladybug",
                "plugin"
            ],
            "time": "2013-09-29 10:19:08"
        },
        {
            "name": "raulfraile/ladybug-theme-modern",
            "version": "v1.0.6",
            "source": {
                "type": "git",
                "url": "https://github.com/raulfraile/ladybug-theme-modern.git",
                "reference": "528c9114ca1a82860e8b7025d1fe4f64dc728b72"
            },
            "dist": {
                "type": "zip",
                "url": "https://api.github.com/repos/raulfraile/ladybug-theme-modern/zipball/528c9114ca1a82860e8b7025d1fe4f64dc728b72",
                "reference": "528c9114ca1a82860e8b7025d1fe4f64dc728b72",
                "shasum": ""
            },
            "require": {
                "raulfraile/ladybug-installer": "~1.0.0"
            },
            "type": "ladybug-theme",
            "extra": {
                "ladybug_name": "Modern"
            },
            "notification-url": "https://packagist.org/downloads/",
            "license": [
                "MIT"
            ],
            "description": "Theme 'modern' for ladybug",
            "keywords": [
                "dump",
                "ladybug",
                "print_r",
                "theme",
                "var_dump"
            ],
            "time": "2013-10-07 21:55:38"
        },
        {
            "name": "suin/php-yaf-twig",
            "version": "1.1",
            "source": {
                "type": "git",
                "url": "https://github.com/suin/php-yaf-twig.git",
                "reference": "729d9dcf01969fcd1d8b090a16a966b51c35b0db"
            },
            "dist": {
                "type": "zip",
                "url": "https://api.github.com/repos/suin/php-yaf-twig/zipball/729d9dcf01969fcd1d8b090a16a966b51c35b0db",
                "reference": "729d9dcf01969fcd1d8b090a16a966b51c35b0db",
                "shasum": ""
            },
            "require": {
                "php": ">=5.3.0",
                "twig/twig": ">=1.9.1"
            },
            "type": "library",
            "autoload": {
                "psr-0": {
                    "Suin\\Yaf\\Twig": "Source"
                }
            },
            "notification-url": "https://packagist.org/downloads/",
            "license": [
                "MIT"
            ],
            "authors": [
                {
                    "name": "Suin",
                    "email": "suinyeze@gmail.com",
                    "homepage": "https://www.facebook.com/suinyeze",
                    "role": "Developer, Renaming Specialist"
                }
            ],
            "description": "Twig extension for Yet Another Framework.",
            "homepage": "https://github.com/suin/php-yaf-twig",
            "keywords": [
                "Yet Another Framework",
                "twig",
                "yaf"
            ],
            "time": "2012-08-28 10:51:49"
        },
        {
            "name": "symfony/config",
            "version": "v2.4.4",
            "target-dir": "Symfony/Component/Config",
            "source": {
                "type": "git",
                "url": "https://github.com/symfony/Config.git",
                "reference": "2effc67af6f21a0d267210b72d0b0b691d113528"
            },
            "dist": {
                "type": "zip",
                "url": "https://api.github.com/repos/symfony/Config/zipball/2effc67af6f21a0d267210b72d0b0b691d113528",
                "reference": "2effc67af6f21a0d267210b72d0b0b691d113528",
                "shasum": ""
            },
            "require": {
                "php": ">=5.3.3",
                "symfony/filesystem": "~2.3"
            },
            "type": "library",
            "extra": {
                "branch-alias": {
                    "dev-master": "2.4-dev"
                }
            },
            "autoload": {
                "psr-0": {
                    "Symfony\\Component\\Config\\": ""
                }
            },
            "notification-url": "https://packagist.org/downloads/",
            "license": [
                "MIT"
            ],
            "authors": [
                {
                    "name": "Fabien Potencier",
                    "email": "fabien@symfony.com",
                    "homepage": "http://fabien.potencier.org",
                    "role": "Lead Developer"
                },
                {
                    "name": "Symfony Community",
                    "homepage": "http://symfony.com/contributors"
                }
            ],
            "description": "Symfony Config Component",
            "homepage": "http://symfony.com",
            "time": "2014-04-22 08:11:06"
        },
        {
            "name": "symfony/console",
            "version": "v2.4.4",
            "target-dir": "Symfony/Component/Console",
            "source": {
                "type": "git",
                "url": "https://github.com/symfony/Console.git",
                "reference": "2e452005b1e1d003d23702d227e23614679eb5ca"
            },
            "dist": {
                "type": "zip",
                "url": "https://api.github.com/repos/symfony/Console/zipball/2e452005b1e1d003d23702d227e23614679eb5ca",
                "reference": "2e452005b1e1d003d23702d227e23614679eb5ca",
                "shasum": ""
            },
            "require": {
                "php": ">=5.3.3"
            },
            "require-dev": {
                "symfony/event-dispatcher": "~2.1"
            },
            "suggest": {
                "symfony/event-dispatcher": ""
            },
            "type": "library",
            "extra": {
                "branch-alias": {
                    "dev-master": "2.4-dev"
                }
            },
            "autoload": {
                "psr-0": {
                    "Symfony\\Component\\Console\\": ""
                }
            },
            "notification-url": "https://packagist.org/downloads/",
            "license": [
                "MIT"
            ],
            "authors": [
                {
                    "name": "Fabien Potencier",
                    "email": "fabien@symfony.com",
                    "homepage": "http://fabien.potencier.org",
                    "role": "Lead Developer"
                },
                {
                    "name": "Symfony Community",
                    "homepage": "http://symfony.com/contributors"
                }
            ],
            "description": "Symfony Console Component",
            "homepage": "http://symfony.com",
            "time": "2014-04-27 13:34:57"
        },
        {
            "name": "symfony/dependency-injection",
            "version": "v2.4.4",
            "target-dir": "Symfony/Component/DependencyInjection",
            "source": {
                "type": "git",
                "url": "https://github.com/symfony/DependencyInjection.git",
                "reference": "f4f947f83aa2f1706ec8cf4f4ead6c85ea935156"
            },
            "dist": {
                "type": "zip",
                "url": "https://api.github.com/repos/symfony/DependencyInjection/zipball/f4f947f83aa2f1706ec8cf4f4ead6c85ea935156",
                "reference": "f4f947f83aa2f1706ec8cf4f4ead6c85ea935156",
                "shasum": ""
            },
            "require": {
                "php": ">=5.3.3"
            },
            "require-dev": {
                "symfony/config": "~2.2",
                "symfony/expression-language": "~2.4",
                "symfony/yaml": "~2.0"
            },
            "suggest": {
                "symfony/config": "",
                "symfony/proxy-manager-bridge": "Generate service proxies to lazy load them",
                "symfony/yaml": ""
            },
            "type": "library",
            "extra": {
                "branch-alias": {
                    "dev-master": "2.4-dev"
                }
            },
            "autoload": {
                "psr-0": {
                    "Symfony\\Component\\DependencyInjection\\": ""
                }
            },
            "notification-url": "https://packagist.org/downloads/",
            "license": [
                "MIT"
            ],
            "authors": [
                {
                    "name": "Fabien Potencier",
                    "email": "fabien@symfony.com",
                    "homepage": "http://fabien.potencier.org",
                    "role": "Lead Developer"
                },
                {
                    "name": "Symfony Community",
                    "homepage": "http://symfony.com/contributors"
                }
            ],
            "description": "Symfony DependencyInjection Component",
            "homepage": "http://symfony.com",
            "time": "2014-04-18 20:38:54"
        },
        {
            "name": "symfony/filesystem",
            "version": "v2.4.4",
            "target-dir": "Symfony/Component/Filesystem",
            "source": {
                "type": "git",
                "url": "https://github.com/symfony/Filesystem.git",
                "reference": "a3af8294bcce4a7c1b2892363b0c9d8109affad4"
            },
            "dist": {
                "type": "zip",
                "url": "https://api.github.com/repos/symfony/Filesystem/zipball/a3af8294bcce4a7c1b2892363b0c9d8109affad4",
                "reference": "a3af8294bcce4a7c1b2892363b0c9d8109affad4",
                "shasum": ""
            },
            "require": {
                "php": ">=5.3.3"
            },
            "type": "library",
            "extra": {
                "branch-alias": {
                    "dev-master": "2.4-dev"
                }
            },
            "autoload": {
                "psr-0": {
                    "Symfony\\Component\\Filesystem\\": ""
                }
            },
            "notification-url": "https://packagist.org/downloads/",
            "license": [
                "MIT"
            ],
            "authors": [
                {
                    "name": "Fabien Potencier",
                    "email": "fabien@symfony.com",
                    "homepage": "http://fabien.potencier.org",
                    "role": "Lead Developer"
                },
                {
                    "name": "Symfony Community",
                    "homepage": "http://symfony.com/contributors"
                }
            ],
            "description": "Symfony Filesystem Component",
            "homepage": "http://symfony.com",
            "time": "2014-04-16 10:34:31"
        },
        {
            "name": "symfony/finder",
            "version": "v2.4.4",
            "target-dir": "Symfony/Component/Finder",
            "source": {
                "type": "git",
                "url": "https://github.com/symfony/Finder.git",
                "reference": "25e1e7d5e7376f8a92ae3b1d714d956edf33a730"
            },
            "dist": {
                "type": "zip",
                "url": "https://api.github.com/repos/symfony/Finder/zipball/25e1e7d5e7376f8a92ae3b1d714d956edf33a730",
                "reference": "25e1e7d5e7376f8a92ae3b1d714d956edf33a730",
                "shasum": ""
            },
            "require": {
                "php": ">=5.3.3"
            },
            "type": "library",
            "extra": {
                "branch-alias": {
                    "dev-master": "2.4-dev"
                }
            },
            "autoload": {
                "psr-0": {
                    "Symfony\\Component\\Finder\\": ""
                }
            },
            "notification-url": "https://packagist.org/downloads/",
            "license": [
                "MIT"
            ],
            "authors": [
                {
                    "name": "Fabien Potencier",
                    "email": "fabien@symfony.com",
                    "homepage": "http://fabien.potencier.org",
                    "role": "Lead Developer"
                },
                {
                    "name": "Symfony Community",
                    "homepage": "http://symfony.com/contributors"
                }
            ],
            "description": "Symfony Finder Component",
            "homepage": "http://symfony.com",
            "time": "2014-04-27 13:34:57"
        },
        {
            "name": "twig/twig",
            "version": "v1.15.1",
            "source": {
                "type": "git",
                "url": "https://github.com/fabpot/Twig.git",
                "reference": "1fb5784662f438d7d96a541e305e28b812e2eeed"
            },
            "dist": {
                "type": "zip",
                "url": "https://api.github.com/repos/fabpot/Twig/zipball/1fb5784662f438d7d96a541e305e28b812e2eeed",
                "reference": "1fb5784662f438d7d96a541e305e28b812e2eeed",
                "shasum": ""
            },
            "require": {
                "php": ">=5.2.4"
            },
            "type": "library",
            "extra": {
                "branch-alias": {
                    "dev-master": "1.15-dev"
                }
            },
            "autoload": {
                "psr-0": {
                    "Twig_": "lib/"
                }
            },
            "notification-url": "https://packagist.org/downloads/",
            "license": [
                "BSD-3-Clause"
            ],
            "authors": [
                {
                    "name": "Fabien Potencier",
                    "email": "fabien@symfony.com",
                    "homepage": "http://fabien.potencier.org",
                    "role": "Lead Developer"
                },
                {
                    "name": "Armin Ronacher",
                    "email": "armin.ronacher@active-4.com",
                    "role": "Project Founder"
                },
                {
                    "name": "Twig Team",
                    "homepage": "https://github.com/fabpot/Twig/graphs/contributors",
                    "role": "Contributors"
                }
            ],
            "description": "Twig, the flexible, fast, and secure template language for PHP",
            "homepage": "http://twig.sensiolabs.org",
            "keywords": [
                "templating"
            ],
            "time": "2014-02-13 10:19:29"
        },
        {
            "name": "yaf/extras",
            "version": "v0.3.1",
            "target-dir": "Yaf/Extras",
            "source": {
                "type": "git",
                "url": "https://github.com/rhyzx/php-yaf-extras.git",
                "reference": "b11f13c1f2c40906c0f610059c01aa217a05bc46"
            },
            "dist": {
                "type": "zip",
                "url": "https://api.github.com/repos/rhyzx/php-yaf-extras/zipball/b11f13c1f2c40906c0f610059c01aa217a05bc46",
                "reference": "b11f13c1f2c40906c0f610059c01aa217a05bc46",
                "shasum": ""
            },
            "require": {
                "php": ">=5.3.0"
            },
            "type": "library",
            "autoload": {
                "psr-0": {
                    "Yaf\\Extras\\": "."
                }
            },
            "notification-url": "https://packagist.org/downloads/",
            "license": [
                "MIT"
            ],
            "authors": [
                {
                    "name": "rhyzx",
                    "email": "rhyzix@gmail.com",
                    "homepage": "http://github.com/rhyzx"
                }
            ],
            "description": "Extras package for the Yet Another Framework",
            "homepage": "http://github.com/rhyzx/php-yaf-extras",
            "keywords": [
                "extensions",
                "restful",
                "twig",
                "view",
                "yaf"
            ],
            "time": "2014-03-14 09:48:54"
        }
    ],
    "packages-dev": [

    ],
    "aliases": [

    ],
    "minimum-stability": "stable",
    "stability-flags": [

    ],
    "platform": [

    ],
    "platform-dev": [

    ]
}
